
Microsoft Visual Studio Solution File, Format Version 12.00
# Visual Studio Version 16
VisualStudioVersion = 16.0.31424.327
MinimumVisualStudioVersion = 10.0.40219.1
Project("{FAE04EC0-301F-11D3-BF4B-00C04F79EFBC}") = "OutlaysManagerWebClient", "OutlaysManagerWebClient\OutlaysManagerWebClient.csproj", "{B13E7C13-01F2-4DBE-B9E8-508329A536EB}"
EndProject
Global
	GlobalSection(SolutionConfigurationPlatforms) = preSolution
		Debug|Any CPU = Debug|Any CPU
		Release|Any CPU = Release|Any CPU
	EndGlobalSection
	GlobalSection(ProjectConfigurationPlatforms) = postSolution
		{B13E7C13-01F2-4DBE-B9E8-508329A536EB}.Debug|Any CPU.ActiveCfg = Debug|Any CPU
		{B13E7C13-01F2-4DBE-B9E8-508329A536EB}.Debug|Any CPU.Build.0 = Debug|Any CPU
		{B13E7C13-01F2-4DBE-B9E8-508329A536EB}.Release|Any CPU.ActiveCfg = Release|Any CPU
		{B13E7C13-01F2-4DBE-B9E8-508329A536EB}.Release|Any CPU.Build.0 = Release|Any CPU
	EndGlobalSection
	GlobalSection(SolutionProperties) = preSolution
		HideSolutionNode = FALSE
	EndGlobalSection
	GlobalSection(ExtensibilityGlobals) = postSolution
		SolutionGuid = {5B09D871-AB57-446E-A671-2BC678943EB1}
	EndGlobalSection
EndGlobal
